// !$*UTF8*$!
{
	archiveVersion = 1;
	classes = {
	};
	objectVersion = 46;
	objects = {

/* Begin PBXBuildFile section */
		C63343571D34AA1900CFF0C2 /* TextViewController.swift in Sources */ = {isa = PBXBuildFile; fileRef = C63343561D34AA1900CFF0C2 /* TextViewController.swift */; };
		C63343591D34B09F00CFF0C2 /* ObserveViewController.swift in Sources */ = {isa = PBXBuildFile; fileRef = C63343581D34B09F00CFF0C2 /* ObserveViewController.swift */; };
		C633435D1D34E7B600CFF0C2 /* UITableView_Closure_Templet.swift in Sources */ = {isa = PBXBuildFile; fileRef = C633435C1D34E7B600CFF0C2 /* UITableView_Closure_Templet.swift */; };
		C633435F1D35076700CFF0C2 /* TableViewTestViewController.swift in Sources */ = {isa = PBXBuildFile; fileRef = C633435E1D35076700CFF0C2 /* TableViewTestViewController.swift */; };
		C63B34771D338F4D00244C10 /* UIActionSheet+Extension.swift in Sources */ = {isa = PBXBuildFile; fileRef = C63B34731D338F4D00244C10 /* UIActionSheet+Extension.swift */; };
		C63B34781D338F4D00244C10 /* UIAlertView+Extension.swift in Sources */ = {isa = PBXBuildFile; fileRef = C63B34741D338F4D00244C10 /* UIAlertView+Extension.swift */; };
		C63B34791D338F4D00244C10 /* UITextField+Extension.swift in Sources */ = {isa = PBXBuildFile; fileRef = C63B34751D338F4D00244C10 /* UITextField+Extension.swift */; };
		C63B347A1D338F4D00244C10 /* UITextView+Extension.swift in Sources */ = {isa = PBXBuildFile; fileRef = C63B34761D338F4D00244C10 /* UITextView+Extension.swift */; };
		C63B347C1D339AA000244C10 /* NSObject+Extension.swift in Sources */ = {isa = PBXBuildFile; fileRef = C63B347B1D339AA000244C10 /* NSObject+Extension.swift */; };
		C6885B991D2EA8BC00A1EFD6 /* AppDelegate.swift in Sources */ = {isa = PBXBuildFile; fileRef = C6885B981D2EA8BC00A1EFD6 /* AppDelegate.swift */; };
		C6885B9B1D2EA8BC00A1EFD6 /* AlertViewController.swift in Sources */ = {isa = PBXBuildFile; fileRef = C6885B9A1D2EA8BC00A1EFD6 /* AlertViewController.swift */; };
		C6885B9E1D2EA8BC00A1EFD6 /* Main.storyboard in Resources */ = {isa = PBXBuildFile; fileRef = C6885B9C1D2EA8BC00A1EFD6 /* Main.storyboard */; };
		C6885BA01D2EA8BC00A1EFD6 /* Assets.xcassets in Resources */ = {isa = PBXBuildFile; fileRef = C6885B9F1D2EA8BC00A1EFD6 /* Assets.xcassets */; };
		C6885BA31D2EA8BC00A1EFD6 /* LaunchScreen.storyboard in Resources */ = {isa = PBXBuildFile; fileRef = C6885BA11D2EA8BC00A1EFD6 /* LaunchScreen.storyboard */; };
/* End PBXBuildFile section */

/* Begin PBXFileReference section */
		C63343521D3499DB00CFF0C2 /* LucioClosureKit-Bridging-Header.h */ = {isa = PBXFileReference; lastKnownFileType = sourcecode.c.h; path = "LucioClosureKit-Bridging-Header.h"; sourceTree = "<group>"; };
		C63343561D34AA1900CFF0C2 /* TextViewController.swift */ = {isa = PBXFileReference; fileEncoding = 4; lastKnownFileType = sourcecode.swift; path = TextViewController.swift; sourceTree = "<group>"; };
		C63343581D34B09F00CFF0C2 /* ObserveViewController.swift */ = {isa = PBXFileReference; fileEncoding = 4; lastKnownFileType = sourcecode.swift; path = ObserveViewController.swift; sourceTree = "<group>"; };
		C633435C1D34E7B600CFF0C2 /* UITableView_Closure_Templet.swift */ = {isa = PBXFileReference; fileEncoding = 4; lastKnownFileType = sourcecode.swift; path = UITableView_Closure_Templet.swift; sourceTree = "<group>"; };
		C633435E1D35076700CFF0C2 /* TableViewTestViewController.swift */ = {isa = PBXFileReference; fileEncoding = 4; lastKnownFileType = sourcecode.swift; path = TableViewTestViewController.swift; sourceTree = "<group>"; };
		C63B34731D338F4D00244C10 /* UIActionSheet+Extension.swift */ = {isa = PBXFileReference; fileEncoding = 4; lastKnownFileType = sourcecode.swift; path = "UIActionSheet+Extension.swift"; sourceTree = "<group>"; };
		C63B34741D338F4D00244C10 /* UIAlertView+Extension.swift */ = {isa = PBXFileReference; fileEncoding = 4; lastKnownFileType = sourcecode.swift; path = "UIAlertView+Extension.swift"; sourceTree = "<group>"; };
		C63B34751D338F4D00244C10 /* UITextField+Extension.swift */ = {isa = PBXFileReference; fileEncoding = 4; lastKnownFileType = sourcecode.swift; path = "UITextField+Extension.swift"; sourceTree = "<group>"; };
		C63B34761D338F4D00244C10 /* UITextView+Extension.swift */ = {isa = PBXFileReference; fileEncoding = 4; lastKnownFileType = sourcecode.swift; path = "UITextView+Extension.swift"; sourceTree = "<group>"; };
		C63B347B1D339AA000244C10 /* NSObject+Extension.swift */ = {isa = PBXFileReference; fileEncoding = 4; lastKnownFileType = sourcecode.swift; path = "NSObject+Extension.swift"; sourceTree = "<group>"; };
		C6885B951D2EA8BC00A1EFD6 /* LucioClosureKit.app */ = {isa = PBXFileReference; explicitFileType = wrapper.application; includeInIndex = 0; path = LucioClosureKit.app; sourceTree = BUILT_PRODUCTS_DIR; };
		C6885B981D2EA8BC00A1EFD6 /* AppDelegate.swift */ = {isa = PBXFileReference; lastKnownFileType = sourcecode.swift; path = AppDelegate.swift; sourceTree = "<group>"; };
		C6885B9A1D2EA8BC00A1EFD6 /* AlertViewController.swift */ = {isa = PBXFileReference; lastKnownFileType = sourcecode.swift; path = AlertViewController.swift; sourceTree = "<group>"; };
		C6885B9D1D2EA8BC00A1EFD6 /* Base */ = {isa = PBXFileReference; lastKnownFileType = file.storyboard; name = Base; path = Base.lproj/Main.storyboard; sourceTree = "<group>"; };
		C6885B9F1D2EA8BC00A1EFD6 /* Assets.xcassets */ = {isa = PBXFileReference; lastKnownFileType = folder.assetcatalog; path = Assets.xcassets; sourceTree = "<group>"; };
		C6885BA21D2EA8BC00A1EFD6 /* Base */ = {isa = PBXFileReference; lastKnownFileType = file.storyboard; name = Base; path = Base.lproj/LaunchScreen.storyboard; sourceTree = "<group>"; };
		C6885BA41D2EA8BC00A1EFD6 /* Info.plist */ = {isa = PBXFileReference; lastKnownFileType = text.plist.xml; path = Info.plist; sourceTree = "<group>"; };
/* End PBXFileReference section */

/* Begin PBXFrameworksBuildPhase section */
		C6885B921D2EA8BC00A1EFD6 /* Frameworks */ = {
			isa = PBXFrameworksBuildPhase;
			buildActionMask = 2147483647;
			files = (
			);
			runOnlyForDeploymentPostprocessing = 0;
		};
/* End PBXFrameworksBuildPhase section */

/* Begin PBXGroup section */
		C63B34721D338F4D00244C10 /* LucioClosureKit */ = {
			isa = PBXGroup;
			children = (
				C63B34731D338F4D00244C10 /* UIActionSheet+Extension.swift */,
				C63B34741D338F4D00244C10 /* UIAlertView+Extension.swift */,
				C63B34751D338F4D00244C10 /* UITextField+Extension.swift */,
				C63B34761D338F4D00244C10 /* UITextView+Extension.swift */,
				C633435C1D34E7B600CFF0C2 /* UITableView_Closure_Templet.swift */,
				C63B347B1D339AA000244C10 /* NSObject+Extension.swift */,
			);
			path = LucioClosureKit;
			sourceTree = "<group>";
		};
		C6885B8C1D2EA8BC00A1EFD6 = {
			isa = PBXGroup;
			children = (
				C6885B971D2EA8BC00A1EFD6 /* LucioClosureKit */,
				C6885B961D2EA8BC00A1EFD6 /* Products */,
			);
			sourceTree = "<group>";
		};
		C6885B961D2EA8BC00A1EFD6 /* Products */ = {
			isa = PBXGroup;
			children = (
				C6885B951D2EA8BC00A1EFD6 /* LucioClosureKit.app */,
			);
			name = Products;
			sourceTree = "<group>";
		};
		C6885B971D2EA8BC00A1EFD6 /* LucioClosureKit */ = {
			isa = PBXGroup;
			children = (
				C63B34721D338F4D00244C10 /* LucioClosureKit */,
				C6885B981D2EA8BC00A1EFD6 /* AppDelegate.swift */,
				C6885B9A1D2EA8BC00A1EFD6 /* AlertViewController.swift */,
				C63343561D34AA1900CFF0C2 /* TextViewController.swift */,
				C63343581D34B09F00CFF0C2 /* ObserveViewController.swift */,
				C633435E1D35076700CFF0C2 /* TableViewTestViewController.swift */,
				C6885B9C1D2EA8BC00A1EFD6 /* Main.storyboard */,
				C6885B9F1D2EA8BC00A1EFD6 /* Assets.xcassets */,
				C6885BA11D2EA8BC00A1EFD6 /* LaunchScreen.storyboard */,
				C6885BA41D2EA8BC00A1EFD6 /* Info.plist */,
				C63343521D3499DB00CFF0C2 /* LucioClosureKit-Bridging-Header.h */,
			);
			path = LucioClosureKit;
			sourceTree = "<group>";
		};
/* End PBXGroup section */

/* Begin PBXNativeTarget section */
		C6885B941D2EA8BC00A1EFD6 /* LucioClosureKit */ = {
			isa = PBXNativeTarget;
			buildConfigurationList = C6885BA71D2EA8BC00A1EFD6 /* Build configuration list for PBXNativeTarget "LucioClosureKit" */;
			buildPhases = (
				C6885B911D2EA8BC00A1EFD6 /* Sources */,
				C6885B921D2EA8BC00A1EFD6 /* Frameworks */,
				C6885B931D2EA8BC00A1EFD6 /* Resources */,
			);
			buildRules = (
			);
			dependencies = (
			);
			name = LucioClosureKit;
			productName = LucioClosureKit;
			productReference = C6885B951D2EA8BC00A1EFD6 /* LucioClosureKit.app */;
			productType = "com.apple.product-type.application";
		};
/* End PBXNativeTarget section */

/* Begin PBXProject section */
		C6885B8D1D2EA8BC00A1EFD6 /* Project object */ = {
			isa = PBXProject;
			attributes = {
				LastSwiftUpdateCheck = 0730;
				LastUpgradeCheck = 0730;
				TargetAttributes = {
					C6885B941D2EA8BC00A1EFD6 = {
						CreatedOnToolsVersion = 7.3.1;
					};
				};
			};
			buildConfigurationList = C6885B901D2EA8BC00A1EFD6 /* Build configuration list for PBXProject "LucioClosureKit" */;
			compatibilityVersion = "Xcode 3.2";
			developmentRegion = English;
			hasScannedForEncodings = 0;
			knownRegions = (
				en,
				Base,
			);
			mainGroup = C6885B8C1D2EA8BC00A1EFD6;
			productRefGroup = C6885B961D2EA8BC00A1EFD6 /* Products */;
			projectDirPath = "";
			projectRoot = "";
			targets = (
				C6885B941D2EA8BC00A1EFD6 /* LucioClosureKit */,
			);
		};
/* End PBXProject section */

/* Begin PBXResourcesBuildPhase section */
		C6885B931D2EA8BC00A1EFD6 /* Resources */ = {
			isa = PBXResourcesBuildPhase;
			buildActionMask = 2147483647;
			files = (
				C6885BA31D2EA8BC00A1EFD6 /* LaunchScreen.storyboard in Resources */,
				C6885BA01D2EA8BC00A1EFD6 /* Assets.xcassets in Resources */,
				C6885B9E1D2EA8BC00A1EFD6 /* Main.storyboard in Resources */,
			);
			runOnlyForDeploymentPostprocessing = 0;
		};
/* End PBXResourcesBuildPhase section */

/* Begin PBXSourcesBuildPhase section */
		C6885B911D2EA8BC00A1EFD6 /* Sources */ = {
			isa = PBXSourcesBuildPhase;
			buildActionMask = 2147483647;
			files = (
				C63B34791D338F4D00244C10 /* UITextField+Extension.swift in Sources */,
				C6885B9B1D2EA8BC00A1EFD6 /* AlertViewController.swift in Sources */,
				C63B347A1D338F4D00244C10 /* UITextView+Extension.swift in Sources */,
				C63343591D34B09F00CFF0C2 /* ObserveViewController.swift in Sources */,
				C6885B991D2EA8BC00A1EFD6 /* AppDelegate.swift in Sources */,
				C63B34771D338F4D00244C10 /* UIActionSheet+Extension.swift in Sources */,
				C633435F1D35076700CFF0C2 /* TableViewTestViewController.swift in Sources */,
				C63B34781D338F4D00244C10 /* UIAlertView+Extension.swift in Sources */,
				C633435D1D34E7B600CFF0C2 /* UITableView_Closure_Templet.swift in Sources */,
				C63B347C1D339AA000244C10 /* NSObject+Extension.swift in Sources */,
				C63343571D34AA1900CFF0C2 /* TextViewController.swift in Sources */,
			);
			runOnlyForDeploymentPostprocessing = 0;
		};
/* End PBXSourcesBuildPhase section */

/* Begin PBXVariantGroup section */
		C6885B9C1D2EA8BC00A1EFD6 /* Main.storyboard */ = {
			isa = PBXVariantGroup;
			children = (
				C6885B9D1D2EA8BC00A1EFD6 /* Base */,
			);
			name = Main.storyboard;
			sourceTree = "<group>";
		};
		C6885BA11D2EA8BC00A1EFD6 /* LaunchScreen.storyboard */ = {
			isa = PBXVariantGroup;
			children = (
				C6885BA21D2EA8BC00A1EFD6 /* Base */,
			);
			name = LaunchScreen.storyboard;
			sourceTree = "<group>";
		};
/* End PBXVariantGroup section */

/* Begin XCBuildConfiguration section */
		C6885BA51D2EA8BC00A1EFD6 /* Debug */ = {
			isa = XCBuildConfiguration;
			buildSettings = {
				ALWAYS_SEARCH_USER_PATHS = NO;
				CLANG_ANALYZER_NONNULL = YES;
				CLANG_CXX_LANGUAGE_STANDARD = "gnu++0x";
				CLANG_CXX_LIBRARY = "libc++";
				CLANG_ENABLE_MODULES = YES;
				CLANG_ENABLE_OBJC_ARC = YES;
				CLANG_WARN_BOOL_CONVERSION = YES;
				CLANG_WARN_CONSTANT_CONVERSION = YES;
				CLANG_WARN_DIRECT_OBJC_ISA_USAGE = YES_ERROR;
				CLANG_WARN_EMPTY_BODY = YES;
				CLANG_WARN_ENUM_CONVERSION = YES;
				CLANG_WARN_INT_CONVERSION = YES;
				CLANG_WARN_OBJC_ROOT_CLASS = YES_ERROR;
				CLANG_WARN_UNREACHABLE_CODE = YES;
				CLANG_WARN__DUPLICATE_METHOD_MATCH = YES;
				"CODE_SIGN_IDENTITY[sdk=iphoneos*]" = "iPhone Developer";
				COPY_PHASE_STRIP = NO;
				DEBUG_INFORMATION_FORMAT = dwarf;
				ENABLE_STRICT_OBJC_MSGSEND = YES;
				ENABLE_TESTABILITY = YES;
				GCC_C_LANGUAGE_STANDARD = gnu99;
				GCC_DYNAMIC_NO_PIC = NO;
				GCC_NO_COMMON_BLOCKS = YES;
				GCC_OPTIMIZATION_LEVEL = 0;
				GCC_PREPROCESSOR_DEFINITIONS = (
					"DEBUG=1",
					"$(inherited)",
				);
				GCC_WARN_64_TO_32_BIT_CONVERSION = YES;
				GCC_WARN_ABOUT_RETURN_TYPE = YES_ERROR;
				GCC_WARN_UNDECLARED_SELECTOR = YES;
				GCC_WARN_UNINITIALIZED_AUTOS = YES_AGGRESSIVE;
				GCC_WARN_UNUSED_FUNCTION = YES;
				GCC_WARN_UNUSED_VARIABLE = YES;
				IPHONEOS_DEPLOYMENT_TARGET = 9.3;
				MTL_ENABLE_DEBUG_INFO = YES;
				ONLY_ACTIVE_ARCH = YES;
				SDKROOT = iphoneos;
				SWIFT_OPTIMIZATION_LEVEL = "-Onone";
			};
			name = Debug;
		};
		C6885BA61D2EA8BC00A1EFD6 /* Release */ = {
			isa = XCBuildConfiguration;
			buildSettings = {
				ALWAYS_SEARCH_USER_PATHS = NO;
				CLANG_ANALYZER_NONNULL = YES;
				CLANG_CXX_LANGUAGE_STANDARD = "gnu++0x";
				CLANG_CXX_LIBRARY = "libc++";
				CLANG_ENABLE_MODULES = YES;
				CLANG_ENABLE_OBJC_ARC = YES;
				CLANG_WARN_BOOL_CONVERSION = YES;
				CLANG_WARN_CONSTANT_CONVERSION = YES;
				CLANG_WARN_DIRECT_OBJC_ISA_USAGE = YES_ERROR;
				CLANG_WARN_EMPTY_BODY = YES;
				CLANG_WARN_ENUM_CONVERSION = YES;
				CLANG_WARN_INT_CONVERSION = YES;
				CLANG_WARN_OBJC_ROOT_CLASS = YES_ERROR;
				CLANG_WARN_UNREACHABLE_CODE = YES;
				CLANG_WARN__DUPLICATE_METHOD_MATCH = YES;
				"CODE_SIGN_IDENTITY[sdk=iphoneos*]" = "iPhone Developer";
				COPY_PHASE_STRIP = NO;
				DEBUG_INFORMATION_FORMAT = "dwarf-with-dsym";
				ENABLE_NS_ASSERTIONS = NO;
				ENABLE_STRICT_OBJC_MSGSEND = YES;
				GCC_C_LANGUAGE_STANDARD = gnu99;
				GCC_NO_COMMON_BLOCKS = YES;
				GCC_WARN_64_TO_32_BIT_CONVERSION = YES;
				GCC_WARN_ABOUT_RETURN_TYPE = YES_ERROR;
				GCC_WARN_UNDECLARED_SELECTOR = YES;
				GCC_WARN_UNINITIALIZED_AUTOS = YES_AGGRESSIVE;
				GCC_WARN_UNUSED_FUNCTION = YES;
				GCC_WARN_UNUSED_VARIABLE = YES;
				IPHONEOS_DEPLOYMENT_TARGET = 9.3;
				MTL_ENABLE_DEBUG_INFO = NO;
				SDKROOT = iphoneos;
				VALIDATE_PRODUCT = YES;
			};
			name = Release;
		};
		C6885BA81D2EA8BC00A1EFD6 /* Debug */ = {
			isa = XCBuildConfiguration;
			buildSettings = {
				ASSETCATALOG_COMPILER_APPICON_NAME = AppIcon;
				CLANG_ENABLE_MODULES = YES;
				INFOPLIST_FILE = LucioClosureKit/Info.plist;
				IPHONEOS_DEPLOYMENT_TARGET = 7.0;
				LD_RUNPATH_SEARCH_PATHS = "$(inherited) @executable_path/Frameworks";
				PRODUCT_BUNDLE_IDENTIFIER = Personal.LucioClosureKit;
				PRODUCT_NAME = "$(TARGET_NAME)";
				SWIFT_OBJC_BRIDGING_HEADER = "LucioClosureKit/LucioClosureKit-Bridging-Header.h";
				SWIFT_OPTIMIZATION_LEVEL = "-Onone";
			};
			name = Debug;
		};
		C6885BA91D2EA8BC00A1EFD6 /* Release */ = {
			isa = XCBuildConfiguration;
			buildSettings = {
				ASSETCATALOG_COMPILER_APPICON_NAME = AppIcon;
				CLANG_ENABLE_MODULES = YES;
				INFOPLIST_FILE = LucioClosureKit/Info.plist;
				IPHONEOS_DEPLOYMENT_TARGET = 7.0;
				LD_RUNPATH_SEARCH_PATHS = "$(inherited) @executable_path/Frameworks";
				PRODUCT_BUNDLE_IDENTIFIER = Personal.LucioClosureKit;
				PRODUCT_NAME = "$(TARGET_NAME)";
				SWIFT_OBJC_BRIDGING_HEADER = "LucioClosureKit/LucioClosureKit-Bridging-Header.h";
			};
			name = Release;
		};
/* End XCBuildConfiguration section */

/* Begin XCConfigurationList section */
		C6885B901D2EA8BC00A1EFD6 /* Build configuration list for PBXProject "LucioClosureKit" */ = {
			isa = XCConfigurationList;
			buildConfigurations = (
				C6885BA51D2EA8BC00A1EFD6 /* Debug */,
				C6885BA61D2EA8BC00A1EFD6 /* Release */,
			);
			defaultConfigurationIsVisible = 0;
			defaultConfigurationName = Release;
		};
		C6885BA71D2EA8BC00A1EFD6 /* Build configuration list for PBXNativeTarget "LucioClosureKit" */ = {
			isa = XCConfigurationList;
			buildConfigurations = (
				C6885BA81D2EA8BC00A1EFD6 /* Debug */,
				C6885BA91D2EA8BC00A1EFD6 /* Release */,
			);
			defaultConfigurationIsVisible = 0;
			defaultConfigurationName = Release;
		};
/* End XCConfigurationList section */
	};
	rootObject = C6885B8D1D2EA8BC00A1EFD6 /* Project object */;
}
